// !$*UTF8*$!
{
	archiveVersion = 1;
	classes = {
	};
	objectVersion = 52;
	objects = {

/* Begin PBXBuildFile section */
		0502DA4B25911F4A00CB4A14 /* AppState.swift in Sources */ = {isa = PBXBuildFile; fileRef = 0502DA4A25911F4A00CB4A14 /* AppState.swift */; };
		05138DC825D8250C00516E2D /* Styles.swift in Sources */ = {isa = PBXBuildFile; fileRef = 80DC3ECD23DF271A00C43A23 /* Styles.swift */; };
		05138DCD25D8257800516E2D /* Introspect in Frameworks */ = {isa = PBXBuildFile; productRef = 05138DCC25D8257800516E2D /* Introspect */; };
		05138E2625D8302300516E2D /* Intents.framework in Frameworks */ = {isa = PBXBuildFile; fileRef = 05138E2525D8302300516E2D /* Intents.framework */; };
		05138E2925D8302300516E2D /* ConfigurationIntentHandler.swift in Sources */ = {isa = PBXBuildFile; fileRef = 05138E2825D8302300516E2D /* ConfigurationIntentHandler.swift */; };
		05138E2D25D8302300516E2D /* TimePieceWidgetIntent.appex in Embed App Extensions */ = {isa = PBXBuildFile; fileRef = 05138E2425D8302300516E2D /* TimePieceWidgetIntent.appex */; settings = {ATTRIBUTES = (RemoveHeadersOnCopy, ); }; };
		05138E3125D8309100516E2D /* TimePieceWidget.intentdefinition in Sources */ = {isa = PBXBuildFile; fileRef = 052A345425D819410052949A /* TimePieceWidget.intentdefinition */; };
		05138E3225D8310500516E2D /* Persistence.swift in Sources */ = {isa = PBXBuildFile; fileRef = 80150D6924F58BD900C740B3 /* Persistence.swift */; };
		05138E3325D8310800516E2D /* TimePiece.xcdatamodeld in Sources */ = {isa = PBXBuildFile; fileRef = 80D343B12443717F00BA76B1 /* TimePiece.xcdatamodeld */; };
		05138E3425D8310B00516E2D /* TimeItem.swift in Sources */ = {isa = PBXBuildFile; fileRef = 80612FFB23C2766B00BC03F5 /* TimeItem.swift */; };
		05138E3525D8310D00516E2D /* LogItem.swift in Sources */ = {isa = PBXBuildFile; fileRef = 8055D7A8243B627600AF516E /* LogItem.swift */; };
		05138E3625D8311000516E2D /* NotificationManager.swift in Sources */ = {isa = PBXBuildFile; fileRef = 809635632401544D00BF297F /* NotificationManager.swift */; };
		05138E3725D8312D00516E2D /* Settings.swift in Sources */ = {isa = PBXBuildFile; fileRef = 804E17B124087B71003F5001 /* Settings.swift */; };
		05138E3825D8313000516E2D /* AppGroup.swift in Sources */ = {isa = PBXBuildFile; fileRef = 052A346125D819950052949A /* AppGroup.swift */; };
		05138E3A25D833B800516E2D /* SwiftyStoreKit in Frameworks */ = {isa = PBXBuildFile; productRef = 05138E3925D833B800516E2D /* SwiftyStoreKit */; };
		052A344F25D819410052949A /* WidgetKit.framework in Frameworks */ = {isa = PBXBuildFile; fileRef = 807C15AC250185710055227D /* WidgetKit.framework */; };
		052A345025D819410052949A /* SwiftUI.framework in Frameworks */ = {isa = PBXBuildFile; fileRef = 807C15AE250185710055227D /* SwiftUI.framework */; };
		052A345325D819410052949A /* SingleTimeItemWidget.swift in Sources */ = {isa = PBXBuildFile; fileRef = 052A345225D819410052949A /* SingleTimeItemWidget.swift */; };
		052A345625D819430052949A /* Assets.xcassets in Resources */ = {isa = PBXBuildFile; fileRef = 052A345525D819430052949A /* Assets.xcassets */; };
		052A345825D819430052949A /* TimePieceWidget.intentdefinition in Sources */ = {isa = PBXBuildFile; fileRef = 052A345425D819410052949A /* TimePieceWidget.intentdefinition */; };
		052A345925D819430052949A /* TimePieceWidget.intentdefinition in Sources */ = {isa = PBXBuildFile; fileRef = 052A345425D819410052949A /* TimePieceWidget.intentdefinition */; };
		052A345C25D819430052949A /* TimePieceWidgetExtension.appex in Embed App Extensions */ = {isa = PBXBuildFile; fileRef = 052A344E25D819410052949A /* TimePieceWidgetExtension.appex */; settings = {ATTRIBUTES = (RemoveHeadersOnCopy, ); }; };
		052A346225D819950052949A /* AppGroup.swift in Sources */ = {isa = PBXBuildFile; fileRef = 052A346125D819950052949A /* AppGroup.swift */; };
		052A346425D819A40052949A /* Persistence.swift in Sources */ = {isa = PBXBuildFile; fileRef = 80150D6924F58BD900C740B3 /* Persistence.swift */; };
		052A346525D81A120052949A /* TimeItem.swift in Sources */ = {isa = PBXBuildFile; fileRef = 80612FFB23C2766B00BC03F5 /* TimeItem.swift */; };
		052A346625D81A2B0052949A /* NotificationManager.swift in Sources */ = {isa = PBXBuildFile; fileRef = 809635632401544D00BF297F /* NotificationManager.swift */; };
		052A346725D81A410052949A /* Settings.swift in Sources */ = {isa = PBXBuildFile; fileRef = 804E17B124087B71003F5001 /* Settings.swift */; };
		052A346825D81A470052949A /* TimePiece.xcdatamodeld in Sources */ = {isa = PBXBuildFile; fileRef = 80D343B12443717F00BA76B1 /* TimePiece.xcdatamodeld */; };
		052A346925D81A4B0052949A /* LogItem.swift in Sources */ = {isa = PBXBuildFile; fileRef = 8055D7A8243B627600AF516E /* LogItem.swift */; };
		052A346A25D81A5D0052949A /* AppGroup.swift in Sources */ = {isa = PBXBuildFile; fileRef = 052A346125D819950052949A /* AppGroup.swift */; };
		052A346C25D81AE90052949A /* SwiftyStoreKit in Frameworks */ = {isa = PBXBuildFile; productRef = 052A346B25D81AE90052949A /* SwiftyStoreKit */; };
		054802EA2649CCF400AE84D4 /* LogSheet.swift in Sources */ = {isa = PBXBuildFile; fileRef = 054802E92649CCF400AE84D4 /* LogSheet.swift */; };
		054F01A125DDCC17002ACCBF /* TimePieceWidgets.swift in Sources */ = {isa = PBXBuildFile; fileRef = 054F01A025DDCC17002ACCBF /* TimePieceWidgets.swift */; };
		054F01A325DDCC89002ACCBF /* TimeItemGridWidget.swift in Sources */ = {isa = PBXBuildFile; fileRef = 054F01A225DDCC89002ACCBF /* TimeItemGridWidget.swift */; };
		056AC76725E3EDCD00472D58 /* SubscriptionPointView.swift in Sources */ = {isa = PBXBuildFile; fileRef = 056AC76625E3EDCD00472D58 /* SubscriptionPointView.swift */; };
		056AC76925E3F00F00472D58 /* SubscriptionSheet.swift in Sources */ = {isa = PBXBuildFile; fileRef = 056AC76825E3F00F00472D58 /* SubscriptionSheet.swift */; };
		05DED9FE25E2D70A006AE551 /* HomeView.swift in Sources */ = {isa = PBXBuildFile; fileRef = 05DED9FD25E2D70A006AE551 /* HomeView.swift */; };
		05DEDA0025E2D736006AE551 /* TimeItemGridCell.swift in Sources */ = {isa = PBXBuildFile; fileRef = 05DED9FF25E2D736006AE551 /* TimeItemGridCell.swift */; };
		05DEDA0325E2F4DC006AE551 /* TopBar.swift in Sources */ = {isa = PBXBuildFile; fileRef = 05DEDA0225E2F4DC006AE551 /* TopBar.swift */; };
		05DEDA0525E2F6AC006AE551 /* TrackableScrollView.swift in Sources */ = {isa = PBXBuildFile; fileRef = 05DEDA0425E2F6AC006AE551 /* TrackableScrollView.swift */; };
		05EDD9E125A2296100E78486 /* ContinousPicker.swift in Sources */ = {isa = PBXBuildFile; fileRef = 05EDD9E025A2296100E78486 /* ContinousPicker.swift */; };
		05F899F725D956F400A9FB90 /* Localizable.strings in Resources */ = {isa = PBXBuildFile; fileRef = 80B91C8624C8A04F0017F8B9 /* Localizable.strings */; };
		80150D7C24F58BDD00C740B3 /* TimePieceApp.swift in Sources */ = {isa = PBXBuildFile; fileRef = 80150D6724F58BD900C740B3 /* TimePieceApp.swift */; };
		80150D8024F58BDD00C740B3 /* Persistence.swift in Sources */ = {isa = PBXBuildFile; fileRef = 80150D6924F58BD900C740B3 /* Persistence.swift */; };
		80150DCD24F58E7300C740B3 /* ListSection.swift in Sources */ = {isa = PBXBuildFile; fileRef = 8012C7AA24057D4200E7798E /* ListSection.swift */; };
		80150DCE24F58E7300C740B3 /* PersonCard.swift in Sources */ = {isa = PBXBuildFile; fileRef = 80A14FB42411077000638B64 /* PersonCard.swift */; };
		80150DCF24F58E7300C740B3 /* TitleEditor.swift in Sources */ = {isa = PBXBuildFile; fileRef = 802A026C23CFBA5600512B39 /* TitleEditor.swift */; };
		80150DD124F58E7300C740B3 /* Settings.swift in Sources */ = {isa = PBXBuildFile; fileRef = 804E17B124087B71003F5001 /* Settings.swift */; };
		80150DD224F58E7300C740B3 /* SubscriptionRow.swift in Sources */ = {isa = PBXBuildFile; fileRef = 80B6BF1C2418205900815793 /* SubscriptionRow.swift */; };
		80150DD324F58E7300C740B3 /* TimeItemCell.swift in Sources */ = {isa = PBXBuildFile; fileRef = 80612FF923C2750900BC03F5 /* TimeItemCell.swift */; };
		80150DD424F58E7300C740B3 /* SettingsSheet.swift in Sources */ = {isa = PBXBuildFile; fileRef = 80D343B42443723800BA76B1 /* SettingsSheet.swift */; };
		80150DD524F58E7300C740B3 /* LogItem.swift in Sources */ = {isa = PBXBuildFile; fileRef = 8055D7A8243B627600AF516E /* LogItem.swift */; };
		80150DD624F58E7300C740B3 /* Styles.swift in Sources */ = {isa = PBXBuildFile; fileRef = 80DC3ECD23DF271A00C43A23 /* Styles.swift */; };
		80150DD724F58E7300C740B3 /* PremiumBadge.swift in Sources */ = {isa = PBXBuildFile; fileRef = 80727C97241136FF0046EE08 /* PremiumBadge.swift */; };
		80150DD824F58E7300C740B3 /* NotificationManager.swift in Sources */ = {isa = PBXBuildFile; fileRef = 809635632401544D00BF297F /* NotificationManager.swift */; };
		80150DD924F58E7300C740B3 /* BottomBar.swift in Sources */ = {isa = PBXBuildFile; fileRef = 8060E0212482D50600F6F74D /* BottomBar.swift */; };
		80150DDB24F58E7300C740B3 /* Strings.swift in Sources */ = {isa = PBXBuildFile; fileRef = 80B91C8724C8A1BE0017F8B9 /* Strings.swift */; };
		80150DDC24F58E7300C740B3 /* AlignedCollectionViewFlowLayout.swift in Sources */ = {isa = PBXBuildFile; fileRef = 8027EDB624C9F29200F9310D /* AlignedCollectionViewFlowLayout.swift */; };
		80150DDE24F58E7300C740B3 /* RegularButton.swift in Sources */ = {isa = PBXBuildFile; fileRef = 801A184F2402CEB6005B4D19 /* RegularButton.swift */; };
		80150DE224F58E7300C740B3 /* NewTimeItemSheet.swift in Sources */ = {isa = PBXBuildFile; fileRef = 8021ADAB23D51F080090BA7F /* NewTimeItemSheet.swift */; };
		80150DE324F58E7300C740B3 /* ContentView.swift in Sources */ = {isa = PBXBuildFile; fileRef = 80612FE923C274DB00BC03F5 /* ContentView.swift */; };
		80150DE424F58E7300C740B3 /* SubscriptionButton.swift in Sources */ = {isa = PBXBuildFile; fileRef = 80B62E72244DF13C001D4D9E /* SubscriptionButton.swift */; };
		80150DE524F58E7300C740B3 /* HeaderBar.swift in Sources */ = {isa = PBXBuildFile; fileRef = 80F355132418068F009ABFAD /* HeaderBar.swift */; };
		80150DE624F58E7300C740B3 /* PauseButton.swift in Sources */ = {isa = PBXBuildFile; fileRef = 80ACD6B623CBE435000C49DC /* PauseButton.swift */; };
		80150DE924F58E7300C740B3 /* EldenLogSheet.swift in Sources */ = {isa = PBXBuildFile; fileRef = 8055D7AA243B62ED00AF516E /* EldenLogSheet.swift */; };
		80150DEA24F58E7300C740B3 /* PickerButton.swift in Sources */ = {isa = PBXBuildFile; fileRef = 801FFBB123CF9AF50040A12C /* PickerButton.swift */; };
		80150DEB24F58E7300C740B3 /* TimeItem.swift in Sources */ = {isa = PBXBuildFile; fileRef = 80612FFB23C2766B00BC03F5 /* TimeItem.swift */; };
		80150DED24F58E7300C740B3 /* LogItemCell.swift in Sources */ = {isa = PBXBuildFile; fileRef = 8055D7AE243B697800AF516E /* LogItemCell.swift */; };
		80150DEE24F58E7300C740B3 /* TimeItemSheet.swift in Sources */ = {isa = PBXBuildFile; fileRef = 8088473A23C2AE79001D1A6E /* TimeItemSheet.swift */; };
		80150E2524F5900400C740B3 /* Introspect in Frameworks */ = {isa = PBXBuildFile; productRef = 80150E2424F5900400C740B3 /* Introspect */; };
		80150E2924F5903700C740B3 /* ASCollectionView in Frameworks */ = {isa = PBXBuildFile; productRef = 80150E2824F5903700C740B3 /* ASCollectionView */; };
		80150E2B24F5903C00C740B3 /* SwiftyStoreKit in Frameworks */ = {isa = PBXBuildFile; productRef = 80150E2A24F5903C00C740B3 /* SwiftyStoreKit */; };
		80150E3424F5926D00C740B3 /* TimePiece.xcdatamodeld in Sources */ = {isa = PBXBuildFile; fileRef = 80D343B12443717F00BA76B1 /* TimePiece.xcdatamodeld */; };
		80150E3624F5938F00C740B3 /* Localizable.strings in Resources */ = {isa = PBXBuildFile; fileRef = 80B91C8624C8A04F0017F8B9 /* Localizable.strings */; };
		80150E3824F593A500C740B3 /* Assets.xcassets in Resources */ = {isa = PBXBuildFile; fileRef = 80612FEB23C274DF00BC03F5 /* Assets.xcassets */; };
		8043381D24F6836A00958666 /* CloudKit.framework in Frameworks */ = {isa = PBXBuildFile; fileRef = 809D9F3124C4929200DB4E94 /* CloudKit.framework */; };
		80888DA124FAB08400C55895 /* TimeDisplay.swift in Sources */ = {isa = PBXBuildFile; fileRef = 80888DA024FAB08400C55895 /* TimeDisplay.swift */; };
		808A388A2512D6B10075AC50 /* InsightRow.swift in Sources */ = {isa = PBXBuildFile; fileRef = 808A38892512D6B10075AC50 /* InsightRow.swift */; };
		80B4137924F80FFB0089BF7A /* TimeEditor.swift in Sources */ = {isa = PBXBuildFile; fileRef = 80B4137824F80FFB0089BF7A /* TimeEditor.swift */; };
		80C055882516215E002147EC /* EditorBar.swift in Sources */ = {isa = PBXBuildFile; fileRef = 80C055872516215E002147EC /* EditorBar.swift */; };
		80FEF1AB25191291007BEB49 /* OnboardingSheet.swift in Sources */ = {isa = PBXBuildFile; fileRef = 80FEF1AA25191291007BEB49 /* OnboardingSheet.swift */; };
/* End PBXBuildFile section */

/* Begin PBXContainerItemProxy section */
		05138E2B25D8302300516E2D /* PBXContainerItemProxy */ = {
			isa = PBXContainerItemProxy;
			containerPortal = 80612FD723C274DB00BC03F5 /* Project object */;
			proxyType = 1;
			remoteGlobalIDString = 05138E2325D8302300516E2D;
			remoteInfo = TimePieceWidgetIntent;
		};
		052A345A25D819430052949A /* PBXContainerItemProxy */ = {
			isa = PBXContainerItemProxy;
			containerPortal = 80612FD723C274DB00BC03F5 /* Project object */;
			proxyType = 1;
			remoteGlobalIDString = 052A344D25D819410052949A;
			remoteInfo = TimePieceWidgetExtension;
		};
/* End PBXContainerItemProxy section */

/* Begin PBXCopyFilesBuildPhase section */
		807C15B9250185730055227D /* Embed App Extensions */ = {
			isa = PBXCopyFilesBuildPhase;
			buildActionMask = 2147483647;
			dstPath = "";
			dstSubfolderSpec = 13;
			files = (
				05138E2D25D8302300516E2D /* TimePieceWidgetIntent.appex in Embed App Extensions */,
				052A345C25D819430052949A /* TimePieceWidgetExtension.appex in Embed App Extensions */,
			);
			name = "Embed App Extensions";
			runOnlyForDeploymentPostprocessing = 0;
		};
/* End PBXCopyFilesBuildPhase section */

/* Begin PBXFileReference section */
		0502DA4A25911F4A00CB4A14 /* AppState.swift */ = {isa = PBXFileReference; lastKnownFileType = sourcecode.swift; path = AppState.swift; sourceTree = "<group>"; };
		05138E2425D8302300516E2D /* TimePieceWidgetIntent.appex */ = {isa = PBXFileReference; explicitFileType = "wrapper.app-extension"; includeInIndex = 0; path = TimePieceWidgetIntent.appex; sourceTree = BUILT_PRODUCTS_DIR; };
		05138E2525D8302300516E2D /* Intents.framework */ = {isa = PBXFileReference; lastKnownFileType = wrapper.framework; name = Intents.framework; path = System/Library/Frameworks/Intents.framework; sourceTree = SDKROOT; };
		05138E2825D8302300516E2D /* ConfigurationIntentHandler.swift */ = {isa = PBXFileReference; lastKnownFileType = sourcecode.swift; path = ConfigurationIntentHandler.swift; sourceTree = "<group>"; };
		05138E2A25D8302300516E2D /* Info.plist */ = {isa = PBXFileReference; lastKnownFileType = text.plist.xml; path = Info.plist; sourceTree = "<group>"; };
		052A344E25D819410052949A /* TimePieceWidgetExtension.appex */ = {isa = PBXFileReference; explicitFileType = "wrapper.app-extension"; includeInIndex = 0; path = TimePieceWidgetExtension.appex; sourceTree = BUILT_PRODUCTS_DIR; };
		052A345225D819410052949A /* SingleTimeItemWidget.swift */ = {isa = PBXFileReference; lastKnownFileType = sourcecode.swift; path = SingleTimeItemWidget.swift; sourceTree = "<group>"; };
		052A345425D819410052949A /* TimePieceWidget.intentdefinition */ = {isa = PBXFileReference; lastKnownFileType = file.intentdefinition; path = TimePieceWidget.intentdefinition; sourceTree = "<group>"; };
		052A345525D819430052949A /* Assets.xcassets */ = {isa = PBXFileReference; lastKnownFileType = folder.assetcatalog; path = Assets.xcassets; sourceTree = "<group>"; };
		052A345725D819430052949A /* Info.plist */ = {isa = PBXFileReference; lastKnownFileType = text.plist.xml; path = Info.plist; sourceTree = "<group>"; };
		052A346025D819540052949A /* TimePieceWidgetExtension.entitlements */ = {isa = PBXFileReference; lastKnownFileType = text.plist.entitlements; path = TimePieceWidgetExtension.entitlements; sourceTree = "<group>"; };
		052A346125D819950052949A /* AppGroup.swift */ = {isa = PBXFileReference; lastKnownFileType = sourcecode.swift; path = AppGroup.swift; sourceTree = "<group>"; };
		054802E92649CCF400AE84D4 /* LogSheet.swift */ = {isa = PBXFileReference; lastKnownFileType = sourcecode.swift; path = LogSheet.swift; sourceTree = "<group>"; };
		054F01A025DDCC17002ACCBF /* TimePieceWidgets.swift */ = {isa = PBXFileReference; lastKnownFileType = sourcecode.swift; path = TimePieceWidgets.swift; sourceTree = "<group>"; };
		054F01A225DDCC89002ACCBF /* TimeItemGridWidget.swift */ = {isa = PBXFileReference; lastKnownFileType = sourcecode.swift; path = TimeItemGridWidget.swift; sourceTree = "<group>"; };
		056AC76625E3EDCD00472D58 /* SubscriptionPointView.swift */ = {isa = PBXFileReference; lastKnownFileType = sourcecode.swift; path = SubscriptionPointView.swift; sourceTree = "<group>"; };
		056AC76825E3F00F00472D58 /* SubscriptionSheet.swift */ = {isa = PBXFileReference; lastKnownFileType = sourcecode.swift; path = SubscriptionSheet.swift; sourceTree = "<group>"; };
		05B1F91525D836F300C5E68E /* TimePieceWidgetIntent.entitlements */ = {isa = PBXFileReference; lastKnownFileType = text.plist.entitlements; path = TimePieceWidgetIntent.entitlements; sourceTree = "<group>"; };
		05DED9FD25E2D70A006AE551 /* HomeView.swift */ = {isa = PBXFileReference; lastKnownFileType = sourcecode.swift; path = HomeView.swift; sourceTree = "<group>"; };
		05DED9FF25E2D736006AE551 /* TimeItemGridCell.swift */ = {isa = PBXFileReference; lastKnownFileType = sourcecode.swift; path = TimeItemGridCell.swift; sourceTree = "<group>"; };
		05DEDA0225E2F4DC006AE551 /* TopBar.swift */ = {isa = PBXFileReference; lastKnownFileType = sourcecode.swift; path = TopBar.swift; sourceTree = "<group>"; };
		05DEDA0425E2F6AC006AE551 /* TrackableScrollView.swift */ = {isa = PBXFileReference; lastKnownFileType = sourcecode.swift; path = TrackableScrollView.swift; sourceTree = "<group>"; };
		05EDD9E025A2296100E78486 /* ContinousPicker.swift */ = {isa = PBXFileReference; lastKnownFileType = sourcecode.swift; path = ContinousPicker.swift; sourceTree = "<group>"; };
		8012C7AA24057D4200E7798E /* ListSection.swift */ = {isa = PBXFileReference; lastKnownFileType = sourcecode.swift; path = ListSection.swift; sourceTree = "<group>"; };
		80150D6724F58BD900C740B3 /* TimePieceApp.swift */ = {isa = PBXFileReference; lastKnownFileType = sourcecode.swift; path = TimePieceApp.swift; sourceTree = "<group>"; };
		80150D6924F58BD900C740B3 /* Persistence.swift */ = {isa = PBXFileReference; lastKnownFileType = sourcecode.swift; path = Persistence.swift; sourceTree = "<group>"; };
		80150D6F24F58BDC00C740B3 /* TimePiece.app */ = {isa = PBXFileReference; explicitFileType = wrapper.application; includeInIndex = 0; path = TimePiece.app; sourceTree = BUILT_PRODUCTS_DIR; };
		801A184F2402CEB6005B4D19 /* RegularButton.swift */ = {isa = PBXFileReference; lastKnownFileType = sourcecode.swift; path = RegularButton.swift; sourceTree = "<group>"; };
		801FFBB123CF9AF50040A12C /* PickerButton.swift */ = {isa = PBXFileReference; lastKnownFileType = sourcecode.swift; path = PickerButton.swift; sourceTree = "<group>"; };
		8021ADAB23D51F080090BA7F /* NewTimeItemSheet.swift */ = {isa = PBXFileReference; lastKnownFileType = sourcecode.swift; path = NewTimeItemSheet.swift; sourceTree = "<group>"; };
		8027EDB624C9F29200F9310D /* AlignedCollectionViewFlowLayout.swift */ = {isa = PBXFileReference; fileEncoding = 4; lastKnownFileType = sourcecode.swift; path = AlignedCollectionViewFlowLayout.swift; sourceTree = "<group>"; };
		802A026C23CFBA5600512B39 /* TitleEditor.swift */ = {isa = PBXFileReference; lastKnownFileType = sourcecode.swift; path = TitleEditor.swift; sourceTree = "<group>"; };
		8043381C24F6836700958666 /* TimePiece.entitlements */ = {isa = PBXFileReference; lastKnownFileType = text.plist.entitlements; path = TimePiece.entitlements; sourceTree = "<group>"; };
		804E17B124087B71003F5001 /* Settings.swift */ = {isa = PBXFileReference; lastKnownFileType = sourcecode.swift; path = Settings.swift; sourceTree = "<group>"; };
		8055D7A8243B627600AF516E /* LogItem.swift */ = {isa = PBXFileReference; fileEncoding = 4; lastKnownFileType = sourcecode.swift; path = LogItem.swift; sourceTree = "<group>"; };
		8055D7AA243B62ED00AF516E /* EldenLogSheet.swift */ = {isa = PBXFileReference; lastKnownFileType = sourcecode.swift; path = EldenLogSheet.swift; sourceTree = "<group>"; };
		8055D7AE243B697800AF516E /* LogItemCell.swift */ = {isa = PBXFileReference; lastKnownFileType = sourcecode.swift; path = LogItemCell.swift; sourceTree = "<group>"; };
		805DB84124D4831E00178B5B /* ru */ = {isa = PBXFileReference; lastKnownFileType = text.plist.strings; name = ru; path = ru.lproj/Localizable.strings; sourceTree = "<group>"; };
		805DB84324D485F600178B5B /* de */ = {isa = PBXFileReference; lastKnownFileType = text.plist.strings; name = de; path = de.lproj/Localizable.strings; sourceTree = "<group>"; };
		8060E0212482D50600F6F74D /* BottomBar.swift */ = {isa = PBXFileReference; lastKnownFileType = sourcecode.swift; path = BottomBar.swift; sourceTree = "<group>"; };
		80612FE923C274DB00BC03F5 /* ContentView.swift */ = {isa = PBXFileReference; lastKnownFileType = sourcecode.swift; path = ContentView.swift; sourceTree = "<group>"; };
		80612FEB23C274DF00BC03F5 /* Assets.xcassets */ = {isa = PBXFileReference; lastKnownFileType = folder.assetcatalog; path = Assets.xcassets; sourceTree = "<group>"; };
		80612FEE23C274DF00BC03F5 /* Preview Assets.xcassets */ = {isa = PBXFileReference; lastKnownFileType = folder.assetcatalog; path = "Preview Assets.xcassets"; sourceTree = "<group>"; };
		80612FF323C274DF00BC03F5 /* Info.plist */ = {isa = PBXFileReference; lastKnownFileType = text.plist.xml; path = Info.plist; sourceTree = "<group>"; };
		80612FF923C2750900BC03F5 /* TimeItemCell.swift */ = {isa = PBXFileReference; lastKnownFileType = sourcecode.swift; path = TimeItemCell.swift; sourceTree = "<group>"; };
		80612FFB23C2766B00BC03F5 /* TimeItem.swift */ = {isa = PBXFileReference; lastKnownFileType = sourcecode.swift; path = TimeItem.swift; sourceTree = "<group>"; };
		80727C97241136FF0046EE08 /* PremiumBadge.swift */ = {isa = PBXFileReference; lastKnownFileType = sourcecode.swift; path = PremiumBadge.swift; sourceTree = "<group>"; };
		807C15AC250185710055227D /* WidgetKit.framework */ = {isa = PBXFileReference; lastKnownFileType = wrapper.framework; name = WidgetKit.framework; path = System/Library/Frameworks/WidgetKit.framework; sourceTree = SDKROOT; };
		807C15AE250185710055227D /* SwiftUI.framework */ = {isa = PBXFileReference; lastKnownFileType = wrapper.framework; name = SwiftUI.framework; path = System/Library/Frameworks/SwiftUI.framework; sourceTree = SDKROOT; };
		8088473A23C2AE79001D1A6E /* TimeItemSheet.swift */ = {isa = PBXFileReference; lastKnownFileType = sourcecode.swift; path = TimeItemSheet.swift; sourceTree = "<group>"; };
		80888DA024FAB08400C55895 /* TimeDisplay.swift */ = {isa = PBXFileReference; lastKnownFileType = sourcecode.swift; path = TimeDisplay.swift; sourceTree = "<group>"; };
		808A38892512D6B10075AC50 /* InsightRow.swift */ = {isa = PBXFileReference; fileEncoding = 4; lastKnownFileType = sourcecode.swift; path = InsightRow.swift; sourceTree = "<group>"; };
		809635632401544D00BF297F /* NotificationManager.swift */ = {isa = PBXFileReference; lastKnownFileType = sourcecode.swift; path = NotificationManager.swift; sourceTree = "<group>"; };
		809D9F3124C4929200DB4E94 /* CloudKit.framework */ = {isa = PBXFileReference; lastKnownFileType = wrapper.framework; name = CloudKit.framework; path = System/Library/Frameworks/CloudKit.framework; sourceTree = SDKROOT; };
		80A14FB42411077000638B64 /* PersonCard.swift */ = {isa = PBXFileReference; lastKnownFileType = sourcecode.swift; path = PersonCard.swift; sourceTree = "<group>"; };
		80ACD6B623CBE435000C49DC /* PauseButton.swift */ = {isa = PBXFileReference; lastKnownFileType = sourcecode.swift; path = PauseButton.swift; sourceTree = "<group>"; };
		80B4137824F80FFB0089BF7A /* TimeEditor.swift */ = {isa = PBXFileReference; lastKnownFileType = sourcecode.swift; path = TimeEditor.swift; sourceTree = "<group>"; };
		80B62E72244DF13C001D4D9E /* SubscriptionButton.swift */ = {isa = PBXFileReference; lastKnownFileType = sourcecode.swift; path = SubscriptionButton.swift; sourceTree = "<group>"; };
		80B6BF1C2418205900815793 /* SubscriptionRow.swift */ = {isa = PBXFileReference; lastKnownFileType = sourcecode.swift; path = SubscriptionRow.swift; sourceTree = "<group>"; };
		80B91C8524C8A04F0017F8B9 /* en */ = {isa = PBXFileReference; lastKnownFileType = text.plist.strings; name = en; path = en.lproj/Localizable.strings; sourceTree = "<group>"; };
		80B91C8724C8A1BE0017F8B9 /* Strings.swift */ = {isa = PBXFileReference; lastKnownFileType = sourcecode.swift; path = Strings.swift; sourceTree = "<group>"; };
		80C055872516215E002147EC /* EditorBar.swift */ = {isa = PBXFileReference; lastKnownFileType = sourcecode.swift; path = EditorBar.swift; sourceTree = "<group>"; };
		80D343B22443717F00BA76B1 /* TimerPlus.xcdatamodel */ = {isa = PBXFileReference; lastKnownFileType = wrapper.xcdatamodel; path = TimerPlus.xcdatamodel; sourceTree = "<group>"; };
		80D343B42443723800BA76B1 /* SettingsSheet.swift */ = {isa = PBXFileReference; fileEncoding = 4; lastKnownFileType = sourcecode.swift; path = SettingsSheet.swift; sourceTree = "<group>"; };
		80DC3ECD23DF271A00C43A23 /* Styles.swift */ = {isa = PBXFileReference; lastKnownFileType = sourcecode.swift; path = Styles.swift; sourceTree = "<group>"; };
		80F355132418068F009ABFAD /* HeaderBar.swift */ = {isa = PBXFileReference; lastKnownFileType = sourcecode.swift; path = HeaderBar.swift; sourceTree = "<group>"; };
		80FEF1AA25191291007BEB49 /* OnboardingSheet.swift */ = {isa = PBXFileReference; lastKnownFileType = sourcecode.swift; path = OnboardingSheet.swift; sourceTree = "<group>"; };
/* End PBXFileReference section */

/* Begin PBXFrameworksBuildPhase section */
		05138E2125D8302300516E2D /* Frameworks */ = {
			isa = PBXFrameworksBuildPhase;
			buildActionMask = 2147483647;
			files = (
				05138E2625D8302300516E2D /* Intents.framework in Frameworks */,
				05138E3A25D833B800516E2D /* SwiftyStoreKit in Frameworks */,
			);
			runOnlyForDeploymentPostprocessing = 0;
		};
		052A344B25D819410052949A /* Frameworks */ = {
			isa = PBXFrameworksBuildPhase;
			buildActionMask = 2147483647;
			files = (
				052A346C25D81AE90052949A /* SwiftyStoreKit in Frameworks */,
				05138DCD25D8257800516E2D /* Introspect in Frameworks */,
				052A345025D819410052949A /* SwiftUI.framework in Frameworks */,
				052A344F25D819410052949A /* WidgetKit.framework in Frameworks */,
			);
			runOnlyForDeploymentPostprocessing = 0;
		};
		80150D6C24F58BDC00C740B3 /* Frameworks */ = {
			isa = PBXFrameworksBuildPhase;
			buildActionMask = 2147483647;
			files = (
				80150E2B24F5903C00C740B3 /* SwiftyStoreKit in Frameworks */,
				8043381D24F6836A00958666 /* CloudKit.framework in Frameworks */,
				80150E2924F5903700C740B3 /* ASCollectionView in Frameworks */,
				80150E2524F5900400C740B3 /* Introspect in Frameworks */,
			);
			runOnlyForDeploymentPostprocessing = 0;
		};
/* End PBXFrameworksBuildPhase section */

/* Begin PBXGroup section */
		05138E2725D8302300516E2D /* TimePieceWidgetIntent */ = {
			isa = PBXGroup;
			children = (
				05B1F91525D836F300C5E68E /* TimePieceWidgetIntent.entitlements */,
				05138E2825D8302300516E2D /* ConfigurationIntentHandler.swift */,
				05138E2A25D8302300516E2D /* Info.plist */,
			);
			path = TimePieceWidgetIntent;
			sourceTree = "<group>";
		};
		052A345125D819410052949A /* TimePieceWidget */ = {
			isa = PBXGroup;
			children = (
				052A345225D819410052949A /* SingleTimeItemWidget.swift */,
				054F01A225DDCC89002ACCBF /* TimeItemGridWidget.swift */,
				054F01A025DDCC17002ACCBF /* TimePieceWidgets.swift */,
				052A345425D819410052949A /* TimePieceWidget.intentdefinition */,
				052A345525D819430052949A /* Assets.xcassets */,
				052A345725D819430052949A /* Info.plist */,
			);
			path = TimePieceWidget;
			sourceTree = "<group>";
		};
		80612FD623C274DB00BC03F5 = {
			isa = PBXGroup;
			children = (
				052A346025D819540052949A /* TimePieceWidgetExtension.entitlements */,
				808A386A2512D1B60075AC50 /* Config */,
				808A386B2512D1D10075AC50 /* Data */,
				052A346125D819950052949A /* AppGroup.swift */,
				80150D6724F58BD900C740B3 /* TimePieceApp.swift */,
				809635632401544D00BF297F /* NotificationManager.swift */,
				804E17B124087B71003F5001 /* Settings.swift */,
				0502DA4A25911F4A00CB4A14 /* AppState.swift */,
				808A386E2512D3500075AC50 /* Views */,
				80612FED23C274DF00BC03F5 /* Preview Content */,
				052A345125D819410052949A /* TimePieceWidget */,
				05138E2725D8302300516E2D /* TimePieceWidgetIntent */,
				80612FE023C274DB00BC03F5 /* Products */,
				809D9F3024C4929200DB4E94 /* Frameworks */,
			);
			sourceTree = "<group>";
		};
		80612FE023C274DB00BC03F5 /* Products */ = {
			isa = PBXGroup;
			children = (
				80150D6F24F58BDC00C740B3 /* TimePiece.app */,
				052A344E25D819410052949A /* TimePieceWidgetExtension.appex */,
				05138E2425D8302300516E2D /* TimePieceWidgetIntent.appex */,
			);
			name = Products;
			sourceTree = "<group>";
		};
		80612FED23C274DF00BC03F5 /* Preview Content */ = {
			isa = PBXGroup;
			children = (
				80612FEE23C274DF00BC03F5 /* Preview Assets.xcassets */,
			);
			path = "Preview Content";
			sourceTree = "<group>";
		};
		808A386A2512D1B60075AC50 /* Config */ = {
			isa = PBXGroup;
			children = (
				8043381C24F6836700958666 /* TimePiece.entitlements */,
				80612FF323C274DF00BC03F5 /* Info.plist */,
			);
			path = Config;
			sourceTree = "<group>";
		};
		808A386B2512D1D10075AC50 /* Data */ = {
			isa = PBXGroup;
			children = (
				80B91C8724C8A1BE0017F8B9 /* Strings.swift */,
				80B91C8624C8A04F0017F8B9 /* Localizable.strings */,
				80612FFB23C2766B00BC03F5 /* TimeItem.swift */,
				8055D7A8243B627600AF516E /* LogItem.swift */,
				80150D6924F58BD900C740B3 /* Persistence.swift */,
				80D343B12443717F00BA76B1 /* TimePiece.xcdatamodeld */,
				80612FEB23C274DF00BC03F5 /* Assets.xcassets */,
			);
			path = Data;
			sourceTree = "<group>";
		};
		808A386C2512D1F80075AC50 /* Sheets */ = {
			isa = PBXGroup;
			children = (
				8055D7AA243B62ED00AF516E /* EldenLogSheet.swift */,
				054802E92649CCF400AE84D4 /* LogSheet.swift */,
				80FEF1AA25191291007BEB49 /* OnboardingSheet.swift */,
				056AC76825E3F00F00472D58 /* SubscriptionSheet.swift */,
				056AC76625E3EDCD00472D58 /* SubscriptionPointView.swift */,
				80D343B42443723800BA76B1 /* SettingsSheet.swift */,
				8021ADAB23D51F080090BA7F /* NewTimeItemSheet.swift */,
				8088473A23C2AE79001D1A6E /* TimeItemSheet.swift */,
			);
			path = Sheets;
			sourceTree = "<group>";
		};
		808A386D2512D31E0075AC50 /* Buttons */ = {
			isa = PBXGroup;
			children = (
				80C055872516215E002147EC /* EditorBar.swift */,
				8060E0212482D50600F6F74D /* BottomBar.swift */,
				80F355132418068F009ABFAD /* HeaderBar.swift */,
				801FFBB123CF9AF50040A12C /* PickerButton.swift */,
				05EDD9E025A2296100E78486 /* ContinousPicker.swift */,
				80B62E72244DF13C001D4D9E /* SubscriptionButton.swift */,
				80ACD6B623CBE435000C49DC /* PauseButton.swift */,
				801A184F2402CEB6005B4D19 /* RegularButton.swift */,
			);
			path = Buttons;
			sourceTree = "<group>";
		};
		808A386E2512D3500075AC50 /* Views */ = {
			isa = PBXGroup;
			children = (
				80DC3ECD23DF271A00C43A23 /* Styles.swift */,
				80612FE923C274DB00BC03F5 /* ContentView.swift */,
				05DEDA0425E2F6AC006AE551 /* TrackableScrollView.swift */,
				05DEDA0225E2F4DC006AE551 /* TopBar.swift */,
				05DED9FD25E2D70A006AE551 /* HomeView.swift */,
				808A38812512D5480075AC50 /* Editors */,
				808A38782512D4630075AC50 /* Rows & Badges */,
				808A386D2512D31E0075AC50 /* Buttons */,
				808A38822512D5DC0075AC50 /* Cells */,
				808A386C2512D1F80075AC50 /* Sheets */,
			);
			path = Views;
			sourceTree = "<group>";
		};
		808A38782512D4630075AC50 /* Rows & Badges */ = {
			isa = PBXGroup;
			children = (
				8012C7AA24057D4200E7798E /* ListSection.swift */,
				80A14FB42411077000638B64 /* PersonCard.swift */,
				808A38892512D6B10075AC50 /* InsightRow.swift */,
				80B6BF1C2418205900815793 /* SubscriptionRow.swift */,
				80727C97241136FF0046EE08 /* PremiumBadge.swift */,
			);
			path = "Rows & Badges";
			sourceTree = "<group>";
		};
		808A38812512D5480075AC50 /* Editors */ = {
			isa = PBXGroup;
			children = (
				802A026C23CFBA5600512B39 /* TitleEditor.swift */,
				80B4137824F80FFB0089BF7A /* TimeEditor.swift */,
				80888DA024FAB08400C55895 /* TimeDisplay.swift */,
			);
			path = Editors;
			sourceTree = "<group>";
		};
		808A38822512D5DC0075AC50 /* Cells */ = {
			isa = PBXGroup;
			children = (
				05DED9FF25E2D736006AE551 /* TimeItemGridCell.swift */,
				8055D7AE243B697800AF516E /* LogItemCell.swift */,
				80612FF923C2750900BC03F5 /* TimeItemCell.swift */,
			);
			path = Cells;
			sourceTree = "<group>";
		};
		809D9F3024C4929200DB4E94 /* Frameworks */ = {
			isa = PBXGroup;
			children = (
				8027EDB624C9F29200F9310D /* AlignedCollectionViewFlowLayout.swift */,
				809D9F3124C4929200DB4E94 /* CloudKit.framework */,
				807C15AC250185710055227D /* WidgetKit.framework */,
				807C15AE250185710055227D /* SwiftUI.framework */,
				05138E2525D8302300516E2D /* Intents.framework */,
			);
			name = Frameworks;
			sourceTree = "<group>";
		};
/* End PBXGroup section */

/* Begin PBXNativeTarget section */
		05138E2325D8302300516E2D /* TimePieceWidgetIntent */ = {
			isa = PBXNativeTarget;
			buildConfigurationList = 05138E3025D8302300516E2D /* Build configuration list for PBXNativeTarget "TimePieceWidgetIntent" */;
			buildPhases = (
				05138E2025D8302300516E2D /* Sources */,
				05138E2125D8302300516E2D /* Frameworks */,
				05138E2225D8302300516E2D /* Resources */,
			);
			buildRules = (
			);
			dependencies = (
			);
			name = TimePieceWidgetIntent;
			packageProductDependencies = (
				05138E3925D833B800516E2D /* SwiftyStoreKit */,
			);
			productName = TimePieceWidgetIntent;
			productReference = 05138E2425D8302300516E2D /* TimePieceWidgetIntent.appex */;
			productType = "com.apple.product-type.app-extension";
		};
		052A344D25D819410052949A /* TimePieceWidgetExtension */ = {
			isa = PBXNativeTarget;
			buildConfigurationList = 052A345F25D819430052949A /* Build configuration list for PBXNativeTarget "TimePieceWidgetExtension" */;
			buildPhases = (
				052A344A25D819410052949A /* Sources */,
				052A344B25D819410052949A /* Frameworks */,
				052A344C25D819410052949A /* Resources */,
			);
			buildRules = (
			);
			dependencies = (
			);
			name = TimePieceWidgetExtension;
			packageProductDependencies = (
				052A346B25D81AE90052949A /* SwiftyStoreKit */,
				05138DCC25D8257800516E2D /* Introspect */,
			);
			productName = TimePieceWidgetExtension;
			productReference = 052A344E25D819410052949A /* TimePieceWidgetExtension.appex */;
			productType = "com.apple.product-type.app-extension";
		};
		80150D6E24F58BDC00C740B3 /* TimePiece (iOS) */ = {
			isa = PBXNativeTarget;
			buildConfigurationList = 80150D8424F58BDD00C740B3 /* Build configuration list for PBXNativeTarget "TimePiece (iOS)" */;
			buildPhases = (
				80150D6B24F58BDC00C740B3 /* Sources */,
				80150D6C24F58BDC00C740B3 /* Frameworks */,
				80150D6D24F58BDC00C740B3 /* Resources */,
				807C15B9250185730055227D /* Embed App Extensions */,
			);
			buildRules = (
			);
			dependencies = (
				052A345B25D819430052949A /* PBXTargetDependency */,
				05138E2C25D8302300516E2D /* PBXTargetDependency */,
			);
			name = "TimePiece (iOS)";
			packageProductDependencies = (
				80150E2424F5900400C740B3 /* Introspect */,
				80150E2824F5903700C740B3 /* ASCollectionView */,
				80150E2A24F5903C00C740B3 /* SwiftyStoreKit */,
			);
			productName = "TimePieceApp (iOS)";
			productReference = 80150D6F24F58BDC00C740B3 /* TimePiece.app */;
			productType = "com.apple.product-type.application";
		};
/* End PBXNativeTarget section */

/* Begin PBXProject section */
		80612FD723C274DB00BC03F5 /* Project object */ = {
			isa = PBXProject;
			attributes = {
				LastSwiftUpdateCheck = 1250;
				LastUpgradeCheck = 1200;
				ORGANIZATIONNAME = "Alexey Primechaev";
				TargetAttributes = {
					05138E2325D8302300516E2D = {
						CreatedOnToolsVersion = 12.5;
					};
					052A344D25D819410052949A = {
						CreatedOnToolsVersion = 12.5;
					};
					80150D6E24F58BDC00C740B3 = {
						CreatedOnToolsVersion = 12.0;
					};
				};
			};
			buildConfigurationList = 80612FDA23C274DB00BC03F5 /* Build configuration list for PBXProject "TimePiece" */;
			compatibilityVersion = "Xcode 11.0";
			developmentRegion = en;
			hasScannedForEncodings = 0;
			knownRegions = (
				en,
				Base,
				ru,
				de,
			);
			mainGroup = 80612FD623C274DB00BC03F5;
			packageReferences = (
				80494C40241B8C8600CC8435 /* XCRemoteSwiftPackageReference "ASCollectionView" */,
				80EF121B2430E74A00905780 /* XCRemoteSwiftPackageReference "SwiftyStoreKit" */,
				80150E2324F5900400C740B3 /* XCRemoteSwiftPackageReference "SwiftUI-Introspect" */,
			);
			productRefGroup = 80612FE023C274DB00BC03F5 /* Products */;
			projectDirPath = "";
			projectRoot = "";
			targets = (
				80150D6E24F58BDC00C740B3 /* TimePiece (iOS) */,
				052A344D25D819410052949A /* TimePieceWidgetExtension */,
				05138E2325D8302300516E2D /* TimePieceWidgetIntent */,
			);
		};
/* End PBXProject section */

/* Begin PBXResourcesBuildPhase section */
		05138E2225D8302300516E2D /* Resources */ = {
			isa = PBXResourcesBuildPhase;
			buildActionMask = 2147483647;
			files = (
			);
			runOnlyForDeploymentPostprocessing = 0;
		};
		052A344C25D819410052949A /* Resources */ = {
			isa = PBXResourcesBuildPhase;
			buildActionMask = 2147483647;
			files = (
				052A345625D819430052949A /* Assets.xcassets in Resources */,
				05F899F725D956F400A9FB90 /* Localizable.strings in Resources */,
			);
			runOnlyForDeploymentPostprocessing = 0;
		};
		80150D6D24F58BDC00C740B3 /* Resources */ = {
			isa = PBXResourcesBuildPhase;
			buildActionMask = 2147483647;
			files = (
				80150E3824F593A500C740B3 /* Assets.xcassets in Resources */,
				80150E3624F5938F00C740B3 /* Localizable.strings in Resources */,
			);
			runOnlyForDeploymentPostprocessing = 0;
		};
/* End PBXResourcesBuildPhase section */

/* Begin PBXSourcesBuildPhase section */
		05138E2025D8302300516E2D /* Sources */ = {
			isa = PBXSourcesBuildPhase;
			buildActionMask = 2147483647;
			files = (
				05138E3425D8310B00516E2D /* TimeItem.swift in Sources */,
				05138E3525D8310D00516E2D /* LogItem.swift in Sources */,
				05138E3725D8312D00516E2D /* Settings.swift in Sources */,
				05138E3225D8310500516E2D /* Persistence.swift in Sources */,
				05138E3825D8313000516E2D /* AppGroup.swift in Sources */,
				05138E3125D8309100516E2D /* TimePieceWidget.intentdefinition in Sources */,
				05138E3625D8311000516E2D /* NotificationManager.swift in Sources */,
				05138E2925D8302300516E2D /* ConfigurationIntentHandler.swift in Sources */,
				05138E3325D8310800516E2D /* TimePiece.xcdatamodeld in Sources */,
			);
			runOnlyForDeploymentPostprocessing = 0;
		};
		052A344A25D819410052949A /* Sources */ = {
			isa = PBXSourcesBuildPhase;
			buildActionMask = 2147483647;
			files = (
				052A346725D81A410052949A /* Settings.swift in Sources */,
				054F01A125DDCC17002ACCBF /* TimePieceWidgets.swift in Sources */,
				05138DC825D8250C00516E2D /* Styles.swift in Sources */,
				054F01A325DDCC89002ACCBF /* TimeItemGridWidget.swift in Sources */,
				052A346925D81A4B0052949A /* LogItem.swift in Sources */,
				052A346425D819A40052949A /* Persistence.swift in Sources */,
				052A345825D819430052949A /* TimePieceWidget.intentdefinition in Sources */,
				052A346A25D81A5D0052949A /* AppGroup.swift in Sources */,
				052A346625D81A2B0052949A /* NotificationManager.swift in Sources */,
				052A346825D81A470052949A /* TimePiece.xcdatamodeld in Sources */,
				052A345325D819410052949A /* SingleTimeItemWidget.swift in Sources */,
				052A346525D81A120052949A /* TimeItem.swift in Sources */,
			);
			runOnlyForDeploymentPostprocessing = 0;
		};
		80150D6B24F58BDC00C740B3 /* Sources */ = {
			isa = PBXSourcesBuildPhase;
			buildActionMask = 2147483647;
			files = (
				05DEDA0525E2F6AC006AE551 /* TrackableScrollView.swift in Sources */,
				80150DE224F58E7300C740B3 /* NewTimeItemSheet.swift in Sources */,
				80150DD424F58E7300C740B3 /* SettingsSheet.swift in Sources */,
				80150DD624F58E7300C740B3 /* Styles.swift in Sources */,
				0502DA4B25911F4A00CB4A14 /* AppState.swift in Sources */,
				80150DE424F58E7300C740B3 /* SubscriptionButton.swift in Sources */,
				80150E3424F5926D00C740B3 /* TimePiece.xcdatamodeld in Sources */,
				80FEF1AB25191291007BEB49 /* OnboardingSheet.swift in Sources */,
				05DEDA0325E2F4DC006AE551 /* TopBar.swift in Sources */,
				808A388A2512D6B10075AC50 /* InsightRow.swift in Sources */,
				80C055882516215E002147EC /* EditorBar.swift in Sources */,
				80150D8024F58BDD00C740B3 /* Persistence.swift in Sources */,
				80150DDB24F58E7300C740B3 /* Strings.swift in Sources */,
				80150DD224F58E7300C740B3 /* SubscriptionRow.swift in Sources */,
				80150D7C24F58BDD00C740B3 /* TimePieceApp.swift in Sources */,
				056AC76925E3F00F00472D58 /* SubscriptionSheet.swift in Sources */,
				05DED9FE25E2D70A006AE551 /* HomeView.swift in Sources */,
				056AC76725E3EDCD00472D58 /* SubscriptionPointView.swift in Sources */,
				80150DEE24F58E7300C740B3 /* TimeItemSheet.swift in Sources */,
				80150DD824F58E7300C740B3 /* NotificationManager.swift in Sources */,
				80150DEB24F58E7300C740B3 /* TimeItem.swift in Sources */,
				80150DD924F58E7300C740B3 /* BottomBar.swift in Sources */,
				80150DE324F58E7300C740B3 /* ContentView.swift in Sources */,
				80150DCE24F58E7300C740B3 /* PersonCard.swift in Sources */,
				052A346225D819950052949A /* AppGroup.swift in Sources */,
				80B4137924F80FFB0089BF7A /* TimeEditor.swift in Sources */,
				80150DD324F58E7300C740B3 /* TimeItemCell.swift in Sources */,
				80150DE624F58E7300C740B3 /* PauseButton.swift in Sources */,
				054802EA2649CCF400AE84D4 /* LogSheet.swift in Sources */,
				80150DED24F58E7300C740B3 /* LogItemCell.swift in Sources */,
				80888DA124FAB08400C55895 /* TimeDisplay.swift in Sources */,
				80150DDC24F58E7300C740B3 /* AlignedCollectionViewFlowLayout.swift in Sources */,
				80150DEA24F58E7300C740B3 /* PickerButton.swift in Sources */,
				80150DD524F58E7300C740B3 /* LogItem.swift in Sources */,
				052A345925D819430052949A /* TimePieceWidget.intentdefinition in Sources */,
				80150DDE24F58E7300C740B3 /* RegularButton.swift in Sources */,
				80150DD124F58E7300C740B3 /* Settings.swift in Sources */,
				05EDD9E125A2296100E78486 /* ContinousPicker.swift in Sources */,
				80150DE924F58E7300C740B3 /* EldenLogSheet.swift in Sources */,
				80150DE524F58E7300C740B3 /* HeaderBar.swift in Sources */,
				80150DD724F58E7300C740B3 /* PremiumBadge.swift in Sources */,
				05DEDA0025E2D736006AE551 /* TimeItemGridCell.swift in Sources */,
				80150DCF24F58E7300C740B3 /* TitleEditor.swift in Sources */,
				80150DCD24F58E7300C740B3 /* ListSection.swift in Sources */,
			);
			runOnlyForDeploymentPostprocessing = 0;
		};
/* End PBXSourcesBuildPhase section */

/* Begin PBXTargetDependency section */
		05138E2C25D8302300516E2D /* PBXTargetDependency */ = {
			isa = PBXTargetDependency;
			target = 05138E2325D8302300516E2D /* TimePieceWidgetIntent */;
			targetProxy = 05138E2B25D8302300516E2D /* PBXContainerItemProxy */;
		};
		052A345B25D819430052949A /* PBXTargetDependency */ = {
			isa = PBXTargetDependency;
			target = 052A344D25D819410052949A /* TimePieceWidgetExtension */;
			targetProxy = 052A345A25D819430052949A /* PBXContainerItemProxy */;
		};
/* End PBXTargetDependency section */

/* Begin PBXVariantGroup section */
		80B91C8624C8A04F0017F8B9 /* Localizable.strings */ = {
			isa = PBXVariantGroup;
			children = (
				80B91C8524C8A04F0017F8B9 /* en */,
				805DB84124D4831E00178B5B /* ru */,
				805DB84324D485F600178B5B /* de */,
			);
			name = Localizable.strings;
			sourceTree = "<group>";
		};
/* End PBXVariantGroup section */

/* Begin XCBuildConfiguration section */
		05138E2E25D8302300516E2D /* Debug */ = {
			isa = XCBuildConfiguration;
			buildSettings = {
				CODE_SIGN_ENTITLEMENTS = TimePieceWidgetIntent/TimePieceWidgetIntent.entitlements;
				CODE_SIGN_STYLE = Automatic;
				CURRENT_PROJECT_VERSION = 18;
				DEVELOPMENT_TEAM = W7F94ZP22K;
				INFOPLIST_FILE = TimePieceWidgetIntent/Info.plist;
				IPHONEOS_DEPLOYMENT_TARGET = 14.3;
				LD_RUNPATH_SEARCH_PATHS = (
					"$(inherited)",
					"@executable_path/Frameworks",
					"@executable_path/../../Frameworks",
				);
				MARKETING_VERSION = 2.0;
				PRODUCT_BUNDLE_IDENTIFIER = com.monochromedev.timepiece.TimePieceWidgetIntent;
				PRODUCT_NAME = "$(TARGET_NAME)";
				SKIP_INSTALL = YES;
				SUPPORTS_MACCATALYST = YES;
				SWIFT_VERSION = 5.0;
				TARGETED_DEVICE_FAMILY = "1,2";
			};
			name = Debug;
		};
		05138E2F25D8302300516E2D /* Release */ = {
			isa = XCBuildConfiguration;
			buildSettings = {
				CODE_SIGN_ENTITLEMENTS = TimePieceWidgetIntent/TimePieceWidgetIntent.entitlements;
				CODE_SIGN_STYLE = Automatic;
				CURRENT_PROJECT_VERSION = 18;
				DEVELOPMENT_TEAM = W7F94ZP22K;
				INFOPLIST_FILE = TimePieceWidgetIntent/Info.plist;
				IPHONEOS_DEPLOYMENT_TARGET = 14.3;
				LD_RUNPATH_SEARCH_PATHS = (
					"$(inherited)",
					"@executable_path/Frameworks",
					"@executable_path/../../Frameworks",
				);
				MARKETING_VERSION = 2.0;
				PRODUCT_BUNDLE_IDENTIFIER = com.monochromedev.timepiece.TimePieceWidgetIntent;
				PRODUCT_NAME = "$(TARGET_NAME)";
				SKIP_INSTALL = YES;
				SUPPORTS_MACCATALYST = YES;
				SWIFT_VERSION = 5.0;
				TARGETED_DEVICE_FAMILY = "1,2";
			};
			name = Release;
		};
		052A345D25D819430052949A /* Debug */ = {
			isa = XCBuildConfiguration;
			buildSettings = {
				ASSETCATALOG_COMPILER_GLOBAL_ACCENT_COLOR_NAME = AccentColor;
				ASSETCATALOG_COMPILER_WIDGET_BACKGROUND_COLOR_NAME = WidgetBackground;
				CODE_SIGN_ENTITLEMENTS = TimePieceWidgetExtension.entitlements;
				CODE_SIGN_STYLE = Automatic;
				CURRENT_PROJECT_VERSION = 18;
				DEVELOPMENT_TEAM = W7F94ZP22K;
				INFOPLIST_FILE = TimePieceWidget/Info.plist;
				IPHONEOS_DEPLOYMENT_TARGET = 14.3;
				LD_RUNPATH_SEARCH_PATHS = (
					"$(inherited)",
					"@executable_path/Frameworks",
					"@executable_path/../../Frameworks",
				);
				MARKETING_VERSION = 2.0;
				PRODUCT_BUNDLE_IDENTIFIER = com.monochromedev.timepiece.TimePieceWidget;
				PRODUCT_NAME = "$(TARGET_NAME)";
				SKIP_INSTALL = YES;
				SUPPORTS_MACCATALYST = YES;
				SWIFT_VERSION = 5.0;
				TARGETED_DEVICE_FAMILY = "1,2";
			};
			name = Debug;
		};
		052A345E25D819430052949A /* Release */ = {
			isa = XCBuildConfiguration;
			buildSettings = {
				ASSETCATALOG_COMPILER_GLOBAL_ACCENT_COLOR_NAME = AccentColor;
				ASSETCATALOG_COMPILER_WIDGET_BACKGROUND_COLOR_NAME = WidgetBackground;
				CODE_SIGN_ENTITLEMENTS = TimePieceWidgetExtension.entitlements;
				CODE_SIGN_STYLE = Automatic;
				CURRENT_PROJECT_VERSION = 18;
				DEVELOPMENT_TEAM = W7F94ZP22K;
				INFOPLIST_FILE = TimePieceWidget/Info.plist;
				IPHONEOS_DEPLOYMENT_TARGET = 14.3;
				LD_RUNPATH_SEARCH_PATHS = (
					"$(inherited)",
					"@executable_path/Frameworks",
					"@executable_path/../../Frameworks",
				);
				MARKETING_VERSION = 2.0;
				PRODUCT_BUNDLE_IDENTIFIER = com.monochromedev.timepiece.TimePieceWidget;
				PRODUCT_NAME = "$(TARGET_NAME)";
				SKIP_INSTALL = YES;
				SUPPORTS_MACCATALYST = YES;
				SWIFT_VERSION = 5.0;
				TARGETED_DEVICE_FAMILY = "1,2";
			};
			name = Release;
		};
		80150D8524F58BDD00C740B3 /* Debug */ = {
			isa = XCBuildConfiguration;
			buildSettings = {
				ALWAYS_EMBED_SWIFT_STANDARD_LIBRARIES = YES;
				ASSETCATALOG_COMPILER_APPICON_NAME = AppIcon;
				ASSETCATALOG_COMPILER_GLOBAL_ACCENT_COLOR_NAME = AccentColor;
				CLANG_WARN_QUOTED_INCLUDE_IN_FRAMEWORK_HEADER = YES;
				CODE_SIGN_ENTITLEMENTS = Config/TimePiece.entitlements;
				CODE_SIGN_STYLE = Automatic;
				CURRENT_PROJECT_VERSION = 18;
				DEVELOPMENT_TEAM = W7F94ZP22K;
				ENABLE_PREVIEWS = YES;
				INFOPLIST_FILE = Config/Info.plist;
				IPHONEOS_DEPLOYMENT_TARGET = 14.3;
				"IPHONEOS_DEPLOYMENT_TARGET[sdk=macosx*]" = 14.2;
				LD_RUNPATH_SEARCH_PATHS = (
					"$(inherited)",
					"@executable_path/Frameworks",
				);
				MARKETING_VERSION = 2.0;
				PRODUCT_BUNDLE_IDENTIFIER = com.monochromedev.timepiece;
				PRODUCT_NAME = TimePiece;
				SDKROOT = iphoneos;
				SUPPORTS_MACCATALYST = YES;
				SUPPORTS_MAC_DESIGNED_FOR_IPHONE_IPAD = YES;
				SWIFT_VERSION = 5.0;
				TARGETED_DEVICE_FAMILY = "1,2";
			};
			name = Debug;
		};
		80150D8624F58BDD00C740B3 /* Release */ = {
			isa = XCBuildConfiguration;
			buildSettings = {
				ALWAYS_EMBED_SWIFT_STANDARD_LIBRARIES = YES;
				ASSETCATALOG_COMPILER_APPICON_NAME = AppIcon;
				ASSETCATALOG_COMPILER_GLOBAL_ACCENT_COLOR_NAME = AccentColor;
				CLANG_WARN_QUOTED_INCLUDE_IN_FRAMEWORK_HEADER = YES;
				CODE_SIGN_ENTITLEMENTS = Config/TimePiece.entitlements;
				CODE_SIGN_STYLE = Automatic;
				CURRENT_PROJECT_VERSION = 18;
				DEVELOPMENT_TEAM = W7F94ZP22K;
				ENABLE_PREVIEWS = YES;
				INFOPLIST_FILE = Config/Info.plist;
				IPHONEOS_DEPLOYMENT_TARGET = 14.3;
				"IPHONEOS_DEPLOYMENT_TARGET[sdk=macosx*]" = 14.2;
				LD_RUNPATH_SEARCH_PATHS = (
					"$(inherited)",
					"@executable_path/Frameworks",
				);
				MARKETING_VERSION = 2.0;
				PRODUCT_BUNDLE_IDENTIFIER = com.monochromedev.timepiece;
				PRODUCT_NAME = TimePiece;
				SDKROOT = iphoneos;
				SUPPORTS_MACCATALYST = YES;
				SUPPORTS_MAC_DESIGNED_FOR_IPHONE_IPAD = YES;
				SWIFT_VERSION = 5.0;
				TARGETED_DEVICE_FAMILY = "1,2";
				VALIDATE_PRODUCT = YES;
			};
			name = Release;
		};
		80612FF423C274DF00BC03F5 /* Debug */ = {
			isa = XCBuildConfiguration;
			buildSettings = {
				ALWAYS_SEARCH_USER_PATHS = NO;
				CLANG_ANALYZER_LOCALIZABILITY_NONLOCALIZED = YES;
				CLANG_ANALYZER_NONNULL = YES;
				CLANG_ANALYZER_NUMBER_OBJECT_CONVERSION = YES_AGGRESSIVE;
				CLANG_CXX_LANGUAGE_STANDARD = "gnu++14";
				CLANG_CXX_LIBRARY = "libc++";
				CLANG_ENABLE_MODULES = YES;
				CLANG_ENABLE_OBJC_ARC = YES;
				CLANG_ENABLE_OBJC_WEAK = YES;
				CLANG_WARN_BLOCK_CAPTURE_AUTORELEASING = YES;
				CLANG_WARN_BOOL_CONVERSION = YES;
				CLANG_WARN_COMMA = YES;
				CLANG_WARN_CONSTANT_CONVERSION = YES;
				CLANG_WARN_DEPRECATED_OBJC_IMPLEMENTATIONS = YES;
				CLANG_WARN_DIRECT_OBJC_ISA_USAGE = YES_ERROR;
				CLANG_WARN_DOCUMENTATION_COMMENTS = YES;
				CLANG_WARN_EMPTY_BODY = YES;
				CLANG_WARN_ENUM_CONVERSION = YES;
				CLANG_WARN_INFINITE_RECURSION = YES;
				CLANG_WARN_INT_CONVERSION = YES;
				CLANG_WARN_NON_LITERAL_NULL_CONVERSION = YES;
				CLANG_WARN_OBJC_IMPLICIT_RETAIN_SELF = YES;
				CLANG_WARN_OBJC_LITERAL_CONVERSION = YES;
				CLANG_WARN_OBJC_ROOT_CLASS = YES_ERROR;
				CLANG_WARN_QUOTED_INCLUDE_IN_FRAMEWORK_HEADER = YES;
				CLANG_WARN_RANGE_LOOP_ANALYSIS = YES;
				CLANG_WARN_STRICT_PROTOTYPES = YES;
				CLANG_WARN_SUSPICIOUS_MOVE = YES;
				CLANG_WARN_UNGUARDED_AVAILABILITY = YES_AGGRESSIVE;
				CLANG_WARN_UNREACHABLE_CODE = YES;
				CLANG_WARN__DUPLICATE_METHOD_MATCH = YES;
				COPY_PHASE_STRIP = NO;
				DEBUG_INFORMATION_FORMAT = dwarf;
				ENABLE_STRICT_OBJC_MSGSEND = YES;
				ENABLE_TESTABILITY = YES;
				GCC_C_LANGUAGE_STANDARD = gnu11;
				GCC_DYNAMIC_NO_PIC = NO;
				GCC_NO_COMMON_BLOCKS = YES;
				GCC_OPTIMIZATION_LEVEL = 0;
				GCC_PREPROCESSOR_DEFINITIONS = (
					"DEBUG=1",
					"$(inherited)",
				);
				GCC_WARN_64_TO_32_BIT_CONVERSION = YES;
				GCC_WARN_ABOUT_RETURN_TYPE = YES_ERROR;
				GCC_WARN_UNDECLARED_SELECTOR = YES;
				GCC_WARN_UNINITIALIZED_AUTOS = YES_AGGRESSIVE;
				GCC_WARN_UNUSED_FUNCTION = YES;
				GCC_WARN_UNUSED_VARIABLE = YES;
				IPHONEOS_DEPLOYMENT_TARGET = 14.0;
				MACOSX_DEPLOYMENT_TARGET = 11.0;
				MTL_ENABLE_DEBUG_INFO = INCLUDE_SOURCE;
				MTL_FAST_MATH = YES;
				ONLY_ACTIVE_ARCH = YES;
				SDKROOT = iphoneos;
				SWIFT_ACTIVE_COMPILATION_CONDITIONS = DEBUG;
				SWIFT_OPTIMIZATION_LEVEL = "-Onone";
			};
			name = Debug;
		};
		80612FF523C274DF00BC03F5 /* Release */ = {
			isa = XCBuildConfiguration;
			buildSettings = {
				ALWAYS_SEARCH_USER_PATHS = NO;
				CLANG_ANALYZER_LOCALIZABILITY_NONLOCALIZED = YES;
				CLANG_ANALYZER_NONNULL = YES;
				CLANG_ANALYZER_NUMBER_OBJECT_CONVERSION = YES_AGGRESSIVE;
				CLANG_CXX_LANGUAGE_STANDARD = "gnu++14";
				CLANG_CXX_LIBRARY = "libc++";
				CLANG_ENABLE_MODULES = YES;
				CLANG_ENABLE_OBJC_ARC = YES;
				CLANG_ENABLE_OBJC_WEAK = YES;
				CLANG_WARN_BLOCK_CAPTURE_AUTORELEASING = YES;
				CLANG_WARN_BOOL_CONVERSION = YES;
				CLANG_WARN_COMMA = YES;
				CLANG_WARN_CONSTANT_CONVERSION = YES;
				CLANG_WARN_DEPRECATED_OBJC_IMPLEMENTATIONS = YES;
				CLANG_WARN_DIRECT_OBJC_ISA_USAGE = YES_ERROR;
				CLANG_WARN_DOCUMENTATION_COMMENTS = YES;
				CLANG_WARN_EMPTY_BODY = YES;
				CLANG_WARN_ENUM_CONVERSION = YES;
				CLANG_WARN_INFINITE_RECURSION = YES;
				CLANG_WARN_INT_CONVERSION = YES;
				CLANG_WARN_NON_LITERAL_NULL_CONVERSION = YES;
				CLANG_WARN_OBJC_IMPLICIT_RETAIN_SELF = YES;
				CLANG_WARN_OBJC_LITERAL_CONVERSION = YES;
				CLANG_WARN_OBJC_ROOT_CLASS = YES_ERROR;
				CLANG_WARN_QUOTED_INCLUDE_IN_FRAMEWORK_HEADER = YES;
				CLANG_WARN_RANGE_LOOP_ANALYSIS = YES;
				CLANG_WARN_STRICT_PROTOTYPES = YES;
				CLANG_WARN_SUSPICIOUS_MOVE = YES;
				CLANG_WARN_UNGUARDED_AVAILABILITY = YES_AGGRESSIVE;
				CLANG_WARN_UNREACHABLE_CODE = YES;
				CLANG_WARN__DUPLICATE_METHOD_MATCH = YES;
				COPY_PHASE_STRIP = NO;
				DEBUG_INFORMATION_FORMAT = "dwarf-with-dsym";
				ENABLE_NS_ASSERTIONS = NO;
				ENABLE_STRICT_OBJC_MSGSEND = YES;
				GCC_C_LANGUAGE_STANDARD = gnu11;
				GCC_NO_COMMON_BLOCKS = YES;
				GCC_WARN_64_TO_32_BIT_CONVERSION = YES;
				GCC_WARN_ABOUT_RETURN_TYPE = YES_ERROR;
				GCC_WARN_UNDECLARED_SELECTOR = YES;
				GCC_WARN_UNINITIALIZED_AUTOS = YES_AGGRESSIVE;
				GCC_WARN_UNUSED_FUNCTION = YES;
				GCC_WARN_UNUSED_VARIABLE = YES;
				IPHONEOS_DEPLOYMENT_TARGET = 14.0;
				MACOSX_DEPLOYMENT_TARGET = 11.0;
				MTL_ENABLE_DEBUG_INFO = NO;
				MTL_FAST_MATH = YES;
				SDKROOT = iphoneos;
				SWIFT_COMPILATION_MODE = wholemodule;
				SWIFT_OPTIMIZATION_LEVEL = "-O";
				VALIDATE_PRODUCT = YES;
			};
			name = Release;
		};
/* End XCBuildConfiguration section */

/* Begin XCConfigurationList section */
		05138E3025D8302300516E2D /* Build configuration list for PBXNativeTarget "TimePieceWidgetIntent" */ = {
			isa = XCConfigurationList;
			buildConfigurations = (
				05138E2E25D8302300516E2D /* Debug */,
				05138E2F25D8302300516E2D /* Release */,
			);
			defaultConfigurationIsVisible = 0;
			defaultConfigurationName = Release;
		};
		052A345F25D819430052949A /* Build configuration list for PBXNativeTarget "TimePieceWidgetExtension" */ = {
			isa = XCConfigurationList;
			buildConfigurations = (
				052A345D25D819430052949A /* Debug */,
				052A345E25D819430052949A /* Release */,
			);
			defaultConfigurationIsVisible = 0;
			defaultConfigurationName = Release;
		};
		80150D8424F58BDD00C740B3 /* Build configuration list for PBXNativeTarget "TimePiece (iOS)" */ = {
			isa = XCConfigurationList;
			buildConfigurations = (
				80150D8524F58BDD00C740B3 /* Debug */,
				80150D8624F58BDD00C740B3 /* Release */,
			);
			defaultConfigurationIsVisible = 0;
			defaultConfigurationName = Release;
		};
		80612FDA23C274DB00BC03F5 /* Build configuration list for PBXProject "TimePiece" */ = {
			isa = XCConfigurationList;
			buildConfigurations = (
				80612FF423C274DF00BC03F5 /* Debug */,
				80612FF523C274DF00BC03F5 /* Release */,
			);
			defaultConfigurationIsVisible = 0;
			defaultConfigurationName = Release;
		};
/* End XCConfigurationList section */

/* Begin XCRemoteSwiftPackageReference section */
		80150E2324F5900400C740B3 /* XCRemoteSwiftPackageReference "SwiftUI-Introspect" */ = {
			isa = XCRemoteSwiftPackageReference;
			repositoryURL = "https://github.com/timbersoftware/SwiftUI-Introspect.git";
			requirement = {
				branch = master;
				kind = branch;
			};
		};
		80494C40241B8C8600CC8435 /* XCRemoteSwiftPackageReference "ASCollectionView" */ = {
			isa = XCRemoteSwiftPackageReference;
			repositoryURL = "https://github.com/apptekstudios/ASCollectionView";
			requirement = {
				branch = master;
				kind = branch;
			};
		};
		80EF121B2430E74A00905780 /* XCRemoteSwiftPackageReference "SwiftyStoreKit" */ = {
			isa = XCRemoteSwiftPackageReference;
			repositoryURL = "https://github.com/bizz84/SwiftyStoreKit.git";
			requirement = {
				branch = master;
				kind = branch;
			};
		};
/* End XCRemoteSwiftPackageReference section */

/* Begin XCSwiftPackageProductDependency section */
		05138DCC25D8257800516E2D /* Introspect */ = {
			isa = XCSwiftPackageProductDependency;
			package = 80150E2324F5900400C740B3 /* XCRemoteSwiftPackageReference "SwiftUI-Introspect" */;
			productName = Introspect;
		};
		05138E3925D833B800516E2D /* SwiftyStoreKit */ = {
			isa = XCSwiftPackageProductDependency;
			package = 80EF121B2430E74A00905780 /* XCRemoteSwiftPackageReference "SwiftyStoreKit" */;
			productName = SwiftyStoreKit;
		};
		052A346B25D81AE90052949A /* SwiftyStoreKit */ = {
			isa = XCSwiftPackageProductDependency;
			package = 80EF121B2430E74A00905780 /* XCRemoteSwiftPackageReference "SwiftyStoreKit" */;
			productName = SwiftyStoreKit;
		};
		80150E2424F5900400C740B3 /* Introspect */ = {
			isa = XCSwiftPackageProductDependency;
			package = 80150E2324F5900400C740B3 /* XCRemoteSwiftPackageReference "SwiftUI-Introspect" */;
			productName = Introspect;
		};
		80150E2824F5903700C740B3 /* ASCollectionView */ = {
			isa = XCSwiftPackageProductDependency;
			package = 80494C40241B8C8600CC8435 /* XCRemoteSwiftPackageReference "ASCollectionView" */;
			productName = ASCollectionView;
		};
		80150E2A24F5903C00C740B3 /* SwiftyStoreKit */ = {
			isa = XCSwiftPackageProductDependency;
			package = 80EF121B2430E74A00905780 /* XCRemoteSwiftPackageReference "SwiftyStoreKit" */;
			productName = SwiftyStoreKit;
		};
/* End XCSwiftPackageProductDependency section */

/* Begin XCVersionGroup section */
		80D343B12443717F00BA76B1 /* TimePiece.xcdatamodeld */ = {
			isa = XCVersionGroup;
			children = (
				80D343B22443717F00BA76B1 /* TimerPlus.xcdatamodel */,
			);
			currentVersion = 80D343B22443717F00BA76B1 /* TimerPlus.xcdatamodel */;
			path = TimePiece.xcdatamodeld;
			sourceTree = "<group>";
			versionGroupType = wrapper.xcdatamodel;
		};
/* End XCVersionGroup section */
	};
	rootObject = 80612FD723C274DB00BC03F5 /* Project object */;
}
