{
  "object": {
    "pins": [
      {
        "package": "ASCollectionView",
        "repositoryURL": "https://github.com/apptekstudios/ASCollectionView",
        "state": {
          "branch": null,
          "revision": "49f390ccc0f95d76769ecdde94185665919b2a78",
          "version": "1.3.1"
        }
      },
      {
        "package": "BetterSheet",
        "repositoryURL": "https://github.com/egeniq/BetterSheet",
        "state": {
          "branch": null,
          "revision": "3755b61311812e6751029f1bff47640f3779adc7",
          "version": "1.0.0"
        }
      },
      {
        "package": "Introspect",
        "repositoryURL": "https://github.com/timbersoftware/SwiftUI-Introspect.git",
        "state": {
          "branch": null,
          "revision": "732316ac5957675eac2ed8ef9c0a5b95a353f9ff",
          "version": "0.0.6"
        }
      }
    ]
  },
  "version": 1
}
