{
  "object": {
    "pins": [
      {
        "package": "ASCollectionView",
        "repositoryURL": "https://github.com/apptekstudios/ASCollectionView",
        "state": {
          "branch": "master",
          "revision": "d03a4ed416dc7337ee95a08611028ad9d80cf419",
          "version": null
        }
      },
      {
        "package": "BetterSheet",
        "repositoryURL": "https://github.com/egeniq/BetterSheet",
        "state": {
          "branch": null,
          "revision": "3755b61311812e6751029f1bff47640f3779adc7",
          "version": "1.0.0"
        }
      },
      {
        "package": "Introspect",
        "repositoryURL": "https://github.com/timbersoftware/SwiftUI-Introspect.git",
        "state": {
          "branch": null,
          "revision": "de5c32c15ae169cfcb27397ffb2734dcd0e1e6d5",
          "version": "0.1.0"
        }
      },
      {
        "package": "SwiftyStoreKit",
        "repositoryURL": "https://github.com/bizz84/SwiftyStoreKit.git",
        "state": {
          "branch": "master",
          "revision": "56987846e38183d06db958f165247f8eec893c18",
          "version": null
        }
      }
    ]
  },
  "version": 1
}
